
Microsoft Visual Studio Solution File, Format Version 12.00
# Visual Studio Version 16
VisualStudioVersion = 16.0.30114.105
MinimumVisualStudioVersion = 10.0.40219.1
Project("{9A19103F-16F7-4668-BE54-9A1E7A4F7556}") = "GettingData", "GettingData\GettingData.csproj", "{9457034E-D265-475E-BE6D-18E1BB40EF19}"
EndProject
Project("{9A19103F-16F7-4668-BE54-9A1E7A4F7556}") = "SparkAPI", "SparkAPI\SparkAPI.csproj", "{9ACAA280-93C4-4E09-A10B-9364E76348F6}"
EndProject
Project("{9A19103F-16F7-4668-BE54-9A1E7A4F7556}") = "ExecutableSpark", "ExecutableSpark\ExecutableSpark.csproj", "{5F08F82C-C057-48BD-9EEF-3F25628B4F9A}"
EndProject
Global
	GlobalSection(SolutionConfigurationPlatforms) = preSolution
		Debug|Any CPU = Debug|Any CPU
		Release|Any CPU = Release|Any CPU
	EndGlobalSection
	GlobalSection(ProjectConfigurationPlatforms) = postSolution
		{9457034E-D265-475E-BE6D-18E1BB40EF19}.Debug|Any CPU.ActiveCfg = Debug|Any CPU
		{9457034E-D265-475E-BE6D-18E1BB40EF19}.Debug|Any CPU.Build.0 = Debug|Any CPU
		{9457034E-D265-475E-BE6D-18E1BB40EF19}.Release|Any CPU.ActiveCfg = Release|Any CPU
		{9457034E-D265-475E-BE6D-18E1BB40EF19}.Release|Any CPU.Build.0 = Release|Any CPU
		{9ACAA280-93C4-4E09-A10B-9364E76348F6}.Debug|Any CPU.ActiveCfg = Debug|Any CPU
		{9ACAA280-93C4-4E09-A10B-9364E76348F6}.Debug|Any CPU.Build.0 = Debug|Any CPU
		{9ACAA280-93C4-4E09-A10B-9364E76348F6}.Release|Any CPU.ActiveCfg = Release|Any CPU
		{9ACAA280-93C4-4E09-A10B-9364E76348F6}.Release|Any CPU.Build.0 = Release|Any CPU
		{5F08F82C-C057-48BD-9EEF-3F25628B4F9A}.Debug|Any CPU.ActiveCfg = Debug|Any CPU
		{5F08F82C-C057-48BD-9EEF-3F25628B4F9A}.Debug|Any CPU.Build.0 = Debug|Any CPU
		{5F08F82C-C057-48BD-9EEF-3F25628B4F9A}.Release|Any CPU.ActiveCfg = Release|Any CPU
		{5F08F82C-C057-48BD-9EEF-3F25628B4F9A}.Release|Any CPU.Build.0 = Release|Any CPU
	EndGlobalSection
	GlobalSection(SolutionProperties) = preSolution
		HideSolutionNode = FALSE
	EndGlobalSection
	GlobalSection(ExtensibilityGlobals) = postSolution
		SolutionGuid = {F7D48C36-49AE-4792-AD06-4FC36392A3A9}
	EndGlobalSection
EndGlobal
